
Microsoft Visual Studio Solution File, Format Version 12.00
# Visual Studio Version 16
VisualStudioVersion = 16.0.30204.135
MinimumVisualStudioVersion = 10.0.40219.1
Project("{8BC9CEB8-8B4A-11D0-8D11-00A0C91BC942}") = "Client", "Client\Client.vcxproj", "{B16FD748-BE98-4B32-8152-B6252201E2D8}"
EndProject
Project("{8BC9CEB8-8B4A-11D0-8D11-00A0C91BC942}") = "Engine", "Engine\Engine.vcxproj", "{6C98D882-1F3F-4300-9760-20A44A3197E6}"
EndProject
Global
	GlobalSection(SolutionConfigurationPlatforms) = preSolution
		Debug|x64 = Debug|x64
		Debug|x86 = Debug|x86
		Release|x64 = Release|x64
		Release|x86 = Release|x86
	EndGlobalSection
	GlobalSection(ProjectConfigurationPlatforms) = postSolution
		{6C98D882-1F3F-4300-9760-20A44A3197E6}.Debug|x64.ActiveCfg = Debug|x64
		{6C98D882-1F3F-4300-9760-20A44A3197E6}.Debug|x64.Build.0 = Debug|x64
		{6C98D882-1F3F-4300-9760-20A44A3197E6}.Debug|x86.ActiveCfg = Debug|Win32
		{6C98D882-1F3F-4300-9760-20A44A3197E6}.Debug|x86.Build.0 = Debug|Win32
		{6C98D882-1F3F-4300-9760-20A44A3197E6}.Release|x64.ActiveCfg = Release|x64
		{6C98D882-1F3F-4300-9760-20A44A3197E6}.Release|x64.Build.0 = Release|x64
		{6C98D882-1F3F-4300-9760-20A44A3197E6}.Release|x86.ActiveCfg = Release|Win32
		{6C98D882-1F3F-4300-9760-20A44A3197E6}.Release|x86.Build.0 = Release|Win32
		{B16FD748-BE98-4B32-8152-B6252201E2D8}.Debug|x64.ActiveCfg = Debug|x64
		{B16FD748-BE98-4B32-8152-B6252201E2D8}.Debug|x64.Build.0 = Debug|x64
		{B16FD748-BE98-4B32-8152-B6252201E2D8}.Debug|x86.ActiveCfg = Debug|Win32
		{B16FD748-BE98-4B32-8152-B6252201E2D8}.Debug|x86.Build.0 = Debug|Win32
		{B16FD748-BE98-4B32-8152-B6252201E2D8}.Release|x64.ActiveCfg = Release|x64
		{B16FD748-BE98-4B32-8152-B6252201E2D8}.Release|x64.Build.0 = Release|x64
		{B16FD748-BE98-4B32-8152-B6252201E2D8}.Release|x86.ActiveCfg = Release|Win32
		{B16FD748-BE98-4B32-8152-B6252201E2D8}.Release|x86.Build.0 = Release|Win32
	EndGlobalSection
	GlobalSection(SolutionProperties) = preSolution
		HideSolutionNode = FALSE
	EndGlobalSection
	GlobalSection(ExtensibilityGlobals) = postSolution
		SolutionGuid = {ABA8DA0F-CE2F-47B5-8F05-E3E8D65D9F78}
	EndGlobalSection
EndGlobal
